
Microsoft Visual Studio Solution File, Format Version 12.00
# Visual Studio Version 17
VisualStudioVersion = 17.7.34031.279
MinimumVisualStudioVersion = 10.0.40219.1
Project("{FAE04EC0-301F-11D3-BF4B-00C04F79EFBC}") = "Models", "Models\Models.csproj", "{60057088-8C6D-452E-BA04-4B8C3F9CBFE4}"
EndProject
Project("{FAE04EC0-301F-11D3-BF4B-00C04F79EFBC}") = "Commons", "Commons\Commons.csproj", "{BBBCAE65-CD82-4D50-B1B8-444781FD3BB5}"
EndProject
Project("{FAE04EC0-301F-11D3-BF4B-00C04F79EFBC}") = "UnitTest", "UnitTest\UnitTest.csproj", "{DBAC9713-8016-4145-A75E-2AB3B697F887}"
EndProject
Project("{FAE04EC0-301F-11D3-BF4B-00C04F79EFBC}") = "WebClient", "WebClient\WebClient.csproj", "{032CE5C2-D5C3-4495-8187-D4D406D30023}"
EndProject
Project("{FAE04EC0-301F-11D3-BF4B-00C04F79EFBC}") = "WebApi", "WebApi\WebApi.csproj", "{B9065D46-46D4-4E73-8F5A-FCD666509E36}"
EndProject
Project("{FAE04EC0-301F-11D3-BF4B-00C04F79EFBC}") = "Repositories", "Repositories\Repositories.csproj", "{02BB758F-05B9-491D-B4B8-AEB769C8B404}"
EndProject
Project("{FAE04EC0-301F-11D3-BF4B-00C04F79EFBC}") = "Infrastructures", "Infrastructures\Infrastructures.csproj", "{A156A483-1B4B-4784-848C-D8882682516A}"
EndProject
Global
	GlobalSection(SolutionConfigurationPlatforms) = preSolution
		Debug|Any CPU = Debug|Any CPU
		Release|Any CPU = Release|Any CPU
	EndGlobalSection
	GlobalSection(ProjectConfigurationPlatforms) = postSolution
		{60057088-8C6D-452E-BA04-4B8C3F9CBFE4}.Debug|Any CPU.ActiveCfg = Debug|Any CPU
		{60057088-8C6D-452E-BA04-4B8C3F9CBFE4}.Debug|Any CPU.Build.0 = Debug|Any CPU
		{60057088-8C6D-452E-BA04-4B8C3F9CBFE4}.Release|Any CPU.ActiveCfg = Release|Any CPU
		{60057088-8C6D-452E-BA04-4B8C3F9CBFE4}.Release|Any CPU.Build.0 = Release|Any CPU
		{BBBCAE65-CD82-4D50-B1B8-444781FD3BB5}.Debug|Any CPU.ActiveCfg = Debug|Any CPU
		{BBBCAE65-CD82-4D50-B1B8-444781FD3BB5}.Debug|Any CPU.Build.0 = Debug|Any CPU
		{BBBCAE65-CD82-4D50-B1B8-444781FD3BB5}.Release|Any CPU.ActiveCfg = Release|Any CPU
		{BBBCAE65-CD82-4D50-B1B8-444781FD3BB5}.Release|Any CPU.Build.0 = Release|Any CPU
		{DBAC9713-8016-4145-A75E-2AB3B697F887}.Debug|Any CPU.ActiveCfg = Debug|Any CPU
		{DBAC9713-8016-4145-A75E-2AB3B697F887}.Debug|Any CPU.Build.0 = Debug|Any CPU
		{DBAC9713-8016-4145-A75E-2AB3B697F887}.Release|Any CPU.ActiveCfg = Release|Any CPU
		{DBAC9713-8016-4145-A75E-2AB3B697F887}.Release|Any CPU.Build.0 = Release|Any CPU
		{032CE5C2-D5C3-4495-8187-D4D406D30023}.Debug|Any CPU.ActiveCfg = Debug|Any CPU
		{032CE5C2-D5C3-4495-8187-D4D406D30023}.Debug|Any CPU.Build.0 = Debug|Any CPU
		{032CE5C2-D5C3-4495-8187-D4D406D30023}.Release|Any CPU.ActiveCfg = Release|Any CPU
		{032CE5C2-D5C3-4495-8187-D4D406D30023}.Release|Any CPU.Build.0 = Release|Any CPU
		{B9065D46-46D4-4E73-8F5A-FCD666509E36}.Debug|Any CPU.ActiveCfg = Debug|Any CPU
		{B9065D46-46D4-4E73-8F5A-FCD666509E36}.Debug|Any CPU.Build.0 = Debug|Any CPU
		{B9065D46-46D4-4E73-8F5A-FCD666509E36}.Release|Any CPU.ActiveCfg = Release|Any CPU
		{B9065D46-46D4-4E73-8F5A-FCD666509E36}.Release|Any CPU.Build.0 = Release|Any CPU
		{02BB758F-05B9-491D-B4B8-AEB769C8B404}.Debug|Any CPU.ActiveCfg = Debug|Any CPU
		{02BB758F-05B9-491D-B4B8-AEB769C8B404}.Debug|Any CPU.Build.0 = Debug|Any CPU
		{02BB758F-05B9-491D-B4B8-AEB769C8B404}.Release|Any CPU.ActiveCfg = Release|Any CPU
		{02BB758F-05B9-491D-B4B8-AEB769C8B404}.Release|Any CPU.Build.0 = Release|Any CPU
		{A156A483-1B4B-4784-848C-D8882682516A}.Debug|Any CPU.ActiveCfg = Debug|Any CPU
		{A156A483-1B4B-4784-848C-D8882682516A}.Debug|Any CPU.Build.0 = Debug|Any CPU
		{A156A483-1B4B-4784-848C-D8882682516A}.Release|Any CPU.ActiveCfg = Release|Any CPU
		{A156A483-1B4B-4784-848C-D8882682516A}.Release|Any CPU.Build.0 = Release|Any CPU
	EndGlobalSection
	GlobalSection(SolutionProperties) = preSolution
		HideSolutionNode = FALSE
	EndGlobalSection
	GlobalSection(ExtensibilityGlobals) = postSolution
		SolutionGuid = {7911D74F-9E73-4633-BC32-CF6777699C21}
	EndGlobalSection
EndGlobal
