
Microsoft Visual Studio Solution File, Format Version 12.00
# Visual Studio Version 17
VisualStudioVersion = 17.7.34031.279
MinimumVisualStudioVersion = 10.0.40219.1
Project("{9A19103F-16F7-4668-BE54-9A1E7A4F7556}") = "Models", "Models\Models.csproj", "{60057088-8C6D-452E-BA04-4B8C3F9CBFE4}"
EndProject
Project("{9A19103F-16F7-4668-BE54-9A1E7A4F7556}") = "Commons", "Commons\Commons.csproj", "{BBBCAE65-CD82-4D50-B1B8-444781FD3BB5}"
EndProject
Project("{9A19103F-16F7-4668-BE54-9A1E7A4F7556}") = "UnitTest", "UnitTest\UnitTest.csproj", "{DBAC9713-8016-4145-A75E-2AB3B697F887}"
EndProject
Project("{9A19103F-16F7-4668-BE54-9A1E7A4F7556}") = "WebApi", "WebApi\WebApi.csproj", "{B9065D46-46D4-4E73-8F5A-FCD666509E36}"
EndProject
Project("{9A19103F-16F7-4668-BE54-9A1E7A4F7556}") = "Repositories", "Repositories\Repositories.csproj", "{02BB758F-05B9-491D-B4B8-AEB769C8B404}"
EndProject
Project("{9A19103F-16F7-4668-BE54-9A1E7A4F7556}") = "Infrastructures", "Infrastructures\Infrastructures.csproj", "{A156A483-1B4B-4784-848C-D8882682516A}"
EndProject
Project("{2150E333-8FDC-42A3-9474-1A3956D46DE8}") = "Notes", "Notes", "{7D2A160F-E042-4B42-BCDA-34A4BD5126C1}"
	ProjectSection(SolutionItems) = preProject
		cli.md = cli.md
		minio.txt = minio.txt
		sonar.txt = sonar.txt
	EndProjectSection
EndProject
Project("{9A19103F-16F7-4668-BE54-9A1E7A4F7556}") = "WebClient", "WebClient\WebClient.csproj", "{DE575D70-4BC1-4692-BAF8-FD9F57CC5E9D}"
EndProject
Project("{2150E333-8FDC-42A3-9474-1A3956D46DE8}") = "Solution Items", "Solution Items", "{33A7EB6D-A9CE-448C-A411-0947E7EB6581}"
	ProjectSection(SolutionItems) = preProject
		docker-compose.yml = docker-compose.yml
	EndProjectSection
EndProject
Global
	GlobalSection(SolutionConfigurationPlatforms) = preSolution
		Debug|Any CPU = Debug|Any CPU
		Release|Any CPU = Release|Any CPU
	EndGlobalSection
	GlobalSection(ProjectConfigurationPlatforms) = postSolution
		{60057088-8C6D-452E-BA04-4B8C3F9CBFE4}.Debug|Any CPU.ActiveCfg = Debug|Any CPU
		{60057088-8C6D-452E-BA04-4B8C3F9CBFE4}.Debug|Any CPU.Build.0 = Debug|Any CPU
		{60057088-8C6D-452E-BA04-4B8C3F9CBFE4}.Release|Any CPU.ActiveCfg = Release|Any CPU
		{60057088-8C6D-452E-BA04-4B8C3F9CBFE4}.Release|Any CPU.Build.0 = Release|Any CPU
		{BBBCAE65-CD82-4D50-B1B8-444781FD3BB5}.Debug|Any CPU.ActiveCfg = Debug|Any CPU
		{BBBCAE65-CD82-4D50-B1B8-444781FD3BB5}.Debug|Any CPU.Build.0 = Debug|Any CPU
		{BBBCAE65-CD82-4D50-B1B8-444781FD3BB5}.Release|Any CPU.ActiveCfg = Release|Any CPU
		{BBBCAE65-CD82-4D50-B1B8-444781FD3BB5}.Release|Any CPU.Build.0 = Release|Any CPU
		{DBAC9713-8016-4145-A75E-2AB3B697F887}.Debug|Any CPU.ActiveCfg = Debug|Any CPU
		{DBAC9713-8016-4145-A75E-2AB3B697F887}.Debug|Any CPU.Build.0 = Debug|Any CPU
		{DBAC9713-8016-4145-A75E-2AB3B697F887}.Release|Any CPU.ActiveCfg = Release|Any CPU
		{DBAC9713-8016-4145-A75E-2AB3B697F887}.Release|Any CPU.Build.0 = Release|Any CPU
		{B9065D46-46D4-4E73-8F5A-FCD666509E36}.Debug|Any CPU.ActiveCfg = Debug|Any CPU
		{B9065D46-46D4-4E73-8F5A-FCD666509E36}.Debug|Any CPU.Build.0 = Debug|Any CPU
		{B9065D46-46D4-4E73-8F5A-FCD666509E36}.Release|Any CPU.ActiveCfg = Release|Any CPU
		{B9065D46-46D4-4E73-8F5A-FCD666509E36}.Release|Any CPU.Build.0 = Release|Any CPU
		{02BB758F-05B9-491D-B4B8-AEB769C8B404}.Debug|Any CPU.ActiveCfg = Debug|Any CPU
		{02BB758F-05B9-491D-B4B8-AEB769C8B404}.Debug|Any CPU.Build.0 = Debug|Any CPU
		{02BB758F-05B9-491D-B4B8-AEB769C8B404}.Release|Any CPU.ActiveCfg = Release|Any CPU
		{02BB758F-05B9-491D-B4B8-AEB769C8B404}.Release|Any CPU.Build.0 = Release|Any CPU
		{A156A483-1B4B-4784-848C-D8882682516A}.Debug|Any CPU.ActiveCfg = Debug|Any CPU
		{A156A483-1B4B-4784-848C-D8882682516A}.Debug|Any CPU.Build.0 = Debug|Any CPU
		{A156A483-1B4B-4784-848C-D8882682516A}.Release|Any CPU.ActiveCfg = Release|Any CPU
		{A156A483-1B4B-4784-848C-D8882682516A}.Release|Any CPU.Build.0 = Release|Any CPU
		{DE575D70-4BC1-4692-BAF8-FD9F57CC5E9D}.Debug|Any CPU.ActiveCfg = Debug|Any CPU
		{DE575D70-4BC1-4692-BAF8-FD9F57CC5E9D}.Debug|Any CPU.Build.0 = Debug|Any CPU
		{DE575D70-4BC1-4692-BAF8-FD9F57CC5E9D}.Release|Any CPU.ActiveCfg = Release|Any CPU
		{DE575D70-4BC1-4692-BAF8-FD9F57CC5E9D}.Release|Any CPU.Build.0 = Release|Any CPU
	EndGlobalSection
	GlobalSection(SolutionProperties) = preSolution
		HideSolutionNode = FALSE
	EndGlobalSection
	GlobalSection(ExtensibilityGlobals) = postSolution
		SolutionGuid = {7911D74F-9E73-4633-BC32-CF6777699C21}
	EndGlobalSection
EndGlobal
